
Microsoft Visual Studio Solution File, Format Version 12.00
# Visual Studio Version 17
VisualStudioVersion = 17.3.32519.111
MinimumVisualStudioVersion = 10.0.40219.1
Project("{2150E333-8FDC-42A3-9474-1A3956D46DE8}") = "Solution Files", "Solution Files", "{BD25C996-77BD-4D25-B46E-9D190419311A}"
	ProjectSection(SolutionItems) = preProject
		.editorconfig = .editorconfig
		.github\workflows\dotnet.yml = .github\workflows\dotnet.yml
		licence.txt = licence.txt
		README.md = README.md
	EndProjectSection
EndProject
Project("{9A19103F-16F7-4668-BE54-9A1E7A4F7556}") = "System.Config.DynamicConfig", "System.Config.DynamicConfig\System.Config.DynamicConfig.csproj", "{9C0EC6D2-FF99-4BA9-BA78-39746CFDE00A}"
EndProject
Project("{9A19103F-16F7-4668-BE54-9A1E7A4F7556}") = "System.Config.DynamicConfig.Tests", "System.Config.DynamicConfig.Tests\System.Config.DynamicConfig.Tests.csproj", "{D871992C-3A7B-4A27-8B29-80F6EC68832E}"
EndProject
Global
	GlobalSection(SolutionConfigurationPlatforms) = preSolution
		Debug|Any CPU = Debug|Any CPU
		Release|Any CPU = Release|Any CPU
	EndGlobalSection
	GlobalSection(ProjectConfigurationPlatforms) = postSolution
		{9C0EC6D2-FF99-4BA9-BA78-39746CFDE00A}.Debug|Any CPU.ActiveCfg = Debug|Any CPU
		{9C0EC6D2-FF99-4BA9-BA78-39746CFDE00A}.Debug|Any CPU.Build.0 = Debug|Any CPU
		{9C0EC6D2-FF99-4BA9-BA78-39746CFDE00A}.Release|Any CPU.ActiveCfg = Release|Any CPU
		{9C0EC6D2-FF99-4BA9-BA78-39746CFDE00A}.Release|Any CPU.Build.0 = Release|Any CPU
		{D871992C-3A7B-4A27-8B29-80F6EC68832E}.Debug|Any CPU.ActiveCfg = Debug|Any CPU
		{D871992C-3A7B-4A27-8B29-80F6EC68832E}.Debug|Any CPU.Build.0 = Debug|Any CPU
		{D871992C-3A7B-4A27-8B29-80F6EC68832E}.Release|Any CPU.ActiveCfg = Release|Any CPU
		{D871992C-3A7B-4A27-8B29-80F6EC68832E}.Release|Any CPU.Build.0 = Release|Any CPU
	EndGlobalSection
	GlobalSection(SolutionProperties) = preSolution
		HideSolutionNode = FALSE
	EndGlobalSection
	GlobalSection(ExtensibilityGlobals) = postSolution
		SolutionGuid = {20D02EDF-C83F-4371-97C7-305BC84D6CD0}
	EndGlobalSection
EndGlobal
